PODS:
  - HyperKYC (0.2.3):
    - HyperSnapSDK
  - HyperSnapSDK (4.1.4)
  - UnumIDWebWallet (1.0.1)

DEPENDENCIES:
  - HyperKYC
  - UnumIDWebWallet (= 1.0.1)

SPEC REPOS:
  https://github.com/CocoaPods/Specs.git:
    - UnumIDWebWallet
  trunk:
    - HyperKYC
    - HyperSnapSDK

SPEC CHECKSUMS:
  HyperKYC: 969a73fd47bc480fadf76d8abc62bff31e08261f
  HyperSnapSDK: 59d6985697d46dd5bb8791aadc0f25b4199383f6
  UnumIDWebWallet: 28083775b6100b901f8d4a0aa68e9065379284f1

PODFILE CHECKSUM: 5c347e1eb5550c1d02e20bbb24dba3071f5cdd1d

COCOAPODS: 1.11.3
